
Microsoft Visual Studio Solution File, Format Version 12.00
# Visual Studio Version 17
VisualStudioVersion = 17.0.32014.148
MinimumVisualStudioVersion = 10.0.40219.1
Project("{FAE04EC0-301F-11D3-BF4B-00C04F79EFBC}") = "RandomProjects", "RandomProjects\RandomProjects.csproj", "{DD5A97FC-3E13-4475-82BD-82E0657BA5AA}"
EndProject
Global
	GlobalSection(SolutionConfigurationPlatforms) = preSolution
		Debug|Any CPU = Debug|Any CPU
		Release|Any CPU = Release|Any CPU
	EndGlobalSection
	GlobalSection(ProjectConfigurationPlatforms) = postSolution
		{DD5A97FC-3E13-4475-82BD-82E0657BA5AA}.Debug|Any CPU.ActiveCfg = Debug|Any CPU
		{DD5A97FC-3E13-4475-82BD-82E0657BA5AA}.Debug|Any CPU.Build.0 = Debug|Any CPU
		{DD5A97FC-3E13-4475-82BD-82E0657BA5AA}.Release|Any CPU.ActiveCfg = Release|Any CPU
		{DD5A97FC-3E13-4475-82BD-82E0657BA5AA}.Release|Any CPU.Build.0 = Release|Any CPU
	EndGlobalSection
	GlobalSection(SolutionProperties) = preSolution
		HideSolutionNode = FALSE
	EndGlobalSection
	GlobalSection(ExtensibilityGlobals) = postSolution
		SolutionGuid = {4892E81F-6255-44B7-B8F7-A59E39FD7460}
	EndGlobalSection
EndGlobal
